
Microsoft Visual Studio Solution File, Format Version 12.00
# Visual Studio Version 16
VisualStudioVersion = 16.0.31729.503
MinimumVisualStudioVersion = 10.0.40219.1
Project("{FAE04EC0-301F-11D3-BF4B-00C04F79EFBC}") = "ControleEstoque.Web", "ControleEstoque.Web\ControleEstoque.Web.csproj", "{7BA4F076-10A3-4E27-881E-F19AD7534F58}"
EndProject
Global
	GlobalSection(SolutionConfigurationPlatforms) = preSolution
		Debug|Any CPU = Debug|Any CPU
		Release|Any CPU = Release|Any CPU
	EndGlobalSection
	GlobalSection(ProjectConfigurationPlatforms) = postSolution
		{7BA4F076-10A3-4E27-881E-F19AD7534F58}.Debug|Any CPU.ActiveCfg = Debug|Any CPU
		{7BA4F076-10A3-4E27-881E-F19AD7534F58}.Debug|Any CPU.Build.0 = Debug|Any CPU
		{7BA4F076-10A3-4E27-881E-F19AD7534F58}.Release|Any CPU.ActiveCfg = Release|Any CPU
		{7BA4F076-10A3-4E27-881E-F19AD7534F58}.Release|Any CPU.Build.0 = Release|Any CPU
	EndGlobalSection
	GlobalSection(SolutionProperties) = preSolution
		HideSolutionNode = FALSE
	EndGlobalSection
	GlobalSection(ExtensibilityGlobals) = postSolution
		SolutionGuid = {709E80E8-F271-4BD2-AEA3-ACF5A8128422}
	EndGlobalSection
EndGlobal
